// !$*UTF8*$!
{
	archiveVersion = 1;
	classes = {
	};
	objectVersion = 51;
	objects = {

/* Begin PBXBuildFile section */
		4340E43E2384D7FC00CE41B1 /* AppDelegate.swift in Sources */ = {isa = PBXBuildFile; fileRef = 4340E43D2384D7FC00CE41B1 /* AppDelegate.swift */; };
		4340E4402384D7FC00CE41B1 /* SceneDelegate.swift in Sources */ = {isa = PBXBuildFile; fileRef = 4340E43F2384D7FC00CE41B1 /* SceneDelegate.swift */; };
		4340E4472384D7FF00CE41B1 /* Assets.xcassets in Resources */ = {isa = PBXBuildFile; fileRef = 4340E4462384D7FF00CE41B1 /* Assets.xcassets */; };
		4340E44A2384D7FF00CE41B1 /* LaunchScreen.storyboard in Resources */ = {isa = PBXBuildFile; fileRef = 4340E4482384D7FF00CE41B1 /* LaunchScreen.storyboard */; };
		4388752A238FFCAE00C96614 /* awsconfiguration.json in Resources */ = {isa = PBXBuildFile; fileRef = 43887529238FFCAE00C96614 /* awsconfiguration.json */; };
		43887532239001A100C96614 /* Constants.swift in Sources */ = {isa = PBXBuildFile; fileRef = 43887531239001A100C96614 /* Constants.swift */; };
		438875342390274700C96614 /* CustomTabBarController.swift in Sources */ = {isa = PBXBuildFile; fileRef = 438875332390274700C96614 /* CustomTabBarController.swift */; };
		43887538239027B800C96614 /* ConnectionViewController.swift in Sources */ = {isa = PBXBuildFile; fileRef = 43887536239027B800C96614 /* ConnectionViewController.swift */; };
		43887539239027B800C96614 /* ConnectionViewController.xib in Resources */ = {isa = PBXBuildFile; fileRef = 43887537239027B800C96614 /* ConnectionViewController.xib */; };
		4388753C239027F500C96614 /* ConnectionViewController+UITextViewDelegate.swift in Sources */ = {isa = PBXBuildFile; fileRef = 4388753B239027F500C96614 /* ConnectionViewController+UITextViewDelegate.swift */; };
		4388754923902C8400C96614 /* BaseTabBarController.swift in Sources */ = {isa = PBXBuildFile; fileRef = 4388754823902C8400C96614 /* BaseTabBarController.swift */; };
		4A1D1A432397FAC2001BA774 /* SoilDb.swift in Sources */ = {isa = PBXBuildFile; fileRef = 4A1D1A422397FAC2001BA774 /* SoilDb.swift */; };
		4A1D1A452397FB09001BA774 /* TemperatureDb.swift in Sources */ = {isa = PBXBuildFile; fileRef = 4A1D1A442397FB09001BA774 /* TemperatureDb.swift */; };
		4A1D1A4823980529001BA774 /* CreateUserViewController.swift in Sources */ = {isa = PBXBuildFile; fileRef = 4A1D1A4623980529001BA774 /* CreateUserViewController.swift */; };
		4A1D1A4923980529001BA774 /* CreateUserViewController.xib in Resources */ = {isa = PBXBuildFile; fileRef = 4A1D1A4723980529001BA774 /* CreateUserViewController.xib */; };
		4A4045F62394AD930036D81B /* ConnectDynamoViewController.swift in Sources */ = {isa = PBXBuildFile; fileRef = 4A4045F42394AD930036D81B /* ConnectDynamoViewController.swift */; };
		4A4045F72394AD930036D81B /* ConnectDynamoViewController.xib in Resources */ = {isa = PBXBuildFile; fileRef = 4A4045F52394AD930036D81B /* ConnectDynamoViewController.xib */; };
		4A4045FB2394E5910036D81B /* Example.swift in Sources */ = {isa = PBXBuildFile; fileRef = 4A4045FA2394E5900036D81B /* Example.swift */; };
		4A4045FD239567F70036D81B /* HumidDb.swift in Sources */ = {isa = PBXBuildFile; fileRef = 4A4045FC239567F70036D81B /* HumidDb.swift */; };
		63C5260BCF85D25B4758461E /* Pods_PlantIot.framework in Frameworks */ = {isa = PBXBuildFile; fileRef = 16C13E27D94E906337E2B946 /* Pods_PlantIot.framework */; };
/* End PBXBuildFile section */

/* Begin PBXFileReference section */
		16C13E27D94E906337E2B946 /* Pods_PlantIot.framework */ = {isa = PBXFileReference; explicitFileType = wrapper.framework; includeInIndex = 0; path = Pods_PlantIot.framework; sourceTree = BUILT_PRODUCTS_DIR; };
		4340E43A2384D7FC00CE41B1 /* PlantIot.app */ = {isa = PBXFileReference; explicitFileType = wrapper.application; includeInIndex = 0; path = PlantIot.app; sourceTree = BUILT_PRODUCTS_DIR; };
		4340E43D2384D7FC00CE41B1 /* AppDelegate.swift */ = {isa = PBXFileReference; lastKnownFileType = sourcecode.swift; path = AppDelegate.swift; sourceTree = "<group>"; };
		4340E43F2384D7FC00CE41B1 /* SceneDelegate.swift */ = {isa = PBXFileReference; lastKnownFileType = sourcecode.swift; path = SceneDelegate.swift; sourceTree = "<group>"; };
		4340E4462384D7FF00CE41B1 /* Assets.xcassets */ = {isa = PBXFileReference; lastKnownFileType = folder.assetcatalog; path = Assets.xcassets; sourceTree = "<group>"; };
		4340E4492384D7FF00CE41B1 /* Base */ = {isa = PBXFileReference; lastKnownFileType = file.storyboard; name = Base; path = Base.lproj/LaunchScreen.storyboard; sourceTree = "<group>"; };
		4340E44B2384D7FF00CE41B1 /* Info.plist */ = {isa = PBXFileReference; lastKnownFileType = text.plist.xml; path = Info.plist; sourceTree = "<group>"; };
		43887529238FFCAE00C96614 /* awsconfiguration.json */ = {isa = PBXFileReference; fileEncoding = 4; lastKnownFileType = text.json; path = awsconfiguration.json; sourceTree = "<group>"; };
		43887531239001A100C96614 /* Constants.swift */ = {isa = PBXFileReference; lastKnownFileType = sourcecode.swift; path = Constants.swift; sourceTree = "<group>"; };
		438875332390274700C96614 /* CustomTabBarController.swift */ = {isa = PBXFileReference; lastKnownFileType = sourcecode.swift; path = CustomTabBarController.swift; sourceTree = "<group>"; };
		43887536239027B800C96614 /* ConnectionViewController.swift */ = {isa = PBXFileReference; lastKnownFileType = sourcecode.swift; path = ConnectionViewController.swift; sourceTree = "<group>"; };
		43887537239027B800C96614 /* ConnectionViewController.xib */ = {isa = PBXFileReference; lastKnownFileType = file.xib; path = ConnectionViewController.xib; sourceTree = "<group>"; };
		4388753B239027F500C96614 /* ConnectionViewController+UITextViewDelegate.swift */ = {isa = PBXFileReference; lastKnownFileType = sourcecode.swift; path = "ConnectionViewController+UITextViewDelegate.swift"; sourceTree = "<group>"; };
		4388754823902C8400C96614 /* BaseTabBarController.swift */ = {isa = PBXFileReference; lastKnownFileType = sourcecode.swift; path = BaseTabBarController.swift; sourceTree = "<group>"; };
		4A1D1A422397FAC2001BA774 /* SoilDb.swift */ = {isa = PBXFileReference; lastKnownFileType = sourcecode.swift; path = SoilDb.swift; sourceTree = "<group>"; };
		4A1D1A442397FB09001BA774 /* TemperatureDb.swift */ = {isa = PBXFileReference; lastKnownFileType = sourcecode.swift; path = TemperatureDb.swift; sourceTree = "<group>"; };
		4A1D1A4623980529001BA774 /* CreateUserViewController.swift */ = {isa = PBXFileReference; lastKnownFileType = sourcecode.swift; path = CreateUserViewController.swift; sourceTree = "<group>"; };
		4A1D1A4723980529001BA774 /* CreateUserViewController.xib */ = {isa = PBXFileReference; lastKnownFileType = file.xib; path = CreateUserViewController.xib; sourceTree = "<group>"; };
		4A4045F42394AD930036D81B /* ConnectDynamoViewController.swift */ = {isa = PBXFileReference; lastKnownFileType = sourcecode.swift; path = ConnectDynamoViewController.swift; sourceTree = "<group>"; };
		4A4045F52394AD930036D81B /* ConnectDynamoViewController.xib */ = {isa = PBXFileReference; lastKnownFileType = file.xib; path = ConnectDynamoViewController.xib; sourceTree = "<group>"; };
		4A4045FA2394E5900036D81B /* Example.swift */ = {isa = PBXFileReference; fileEncoding = 4; lastKnownFileType = sourcecode.swift; path = Example.swift; sourceTree = "<group>"; };
		4A4045FC239567F70036D81B /* HumidDb.swift */ = {isa = PBXFileReference; lastKnownFileType = sourcecode.swift; path = HumidDb.swift; sourceTree = "<group>"; };
		8B3CA416075516F79DC9F6C6 /* Pods-PlantIot.release.xcconfig */ = {isa = PBXFileReference; includeInIndex = 1; lastKnownFileType = text.xcconfig; name = "Pods-PlantIot.release.xcconfig"; path = "Target Support Files/Pods-PlantIot/Pods-PlantIot.release.xcconfig"; sourceTree = "<group>"; };
		94CF3BED0379354907F8A09D /* Pods-PlantIot.debug.xcconfig */ = {isa = PBXFileReference; includeInIndex = 1; lastKnownFileType = text.xcconfig; name = "Pods-PlantIot.debug.xcconfig"; path = "Target Support Files/Pods-PlantIot/Pods-PlantIot.debug.xcconfig"; sourceTree = "<group>"; };
/* End PBXFileReference section */

/* Begin PBXFrameworksBuildPhase section */
		4340E4372384D7FC00CE41B1 /* Frameworks */ = {
			isa = PBXFrameworksBuildPhase;
			buildActionMask = 2147483647;
			files = (
				63C5260BCF85D25B4758461E /* Pods_PlantIot.framework in Frameworks */,
			);
			runOnlyForDeploymentPostprocessing = 0;
		};
/* End PBXFrameworksBuildPhase section */

/* Begin PBXGroup section */
		28B1FEC0B0BDCCD62F9FDD7D /* Pods */ = {
			isa = PBXGroup;
			children = (
				94CF3BED0379354907F8A09D /* Pods-PlantIot.debug.xcconfig */,
				8B3CA416075516F79DC9F6C6 /* Pods-PlantIot.release.xcconfig */,
			);
			path = Pods;
			sourceTree = "<group>";
		};
		4340E4312384D7FC00CE41B1 = {
			isa = PBXGroup;
			children = (
				4340E43C2384D7FC00CE41B1 /* PlantIot */,
				4340E43B2384D7FC00CE41B1 /* Products */,
				28B1FEC0B0BDCCD62F9FDD7D /* Pods */,
				A0AB475BA697D840F2EAEDF2 /* Frameworks */,
			);
			sourceTree = "<group>";
		};
		4340E43B2384D7FC00CE41B1 /* Products */ = {
			isa = PBXGroup;
			children = (
				4340E43A2384D7FC00CE41B1 /* PlantIot.app */,
			);
			name = Products;
			sourceTree = "<group>";
		};
		4340E43C2384D7FC00CE41B1 /* PlantIot */ = {
			isa = PBXGroup;
			children = (
				438875302390018D00C96614 /* Config */,
				438875352390279100C96614 /* Connection */,
				4340E43D2384D7FC00CE41B1 /* AppDelegate.swift */,
				4340E43F2384D7FC00CE41B1 /* SceneDelegate.swift */,
				4340E4462384D7FF00CE41B1 /* Assets.xcassets */,
				4340E4482384D7FF00CE41B1 /* LaunchScreen.storyboard */,
				4340E44B2384D7FF00CE41B1 /* Info.plist */,
				43887529238FFCAE00C96614 /* awsconfiguration.json */,
			);
			path = PlantIot;
			sourceTree = "<group>";
		};
		438875302390018D00C96614 /* Config */ = {
			isa = PBXGroup;
			children = (
				43887531239001A100C96614 /* Constants.swift */,
				438875332390274700C96614 /* CustomTabBarController.swift */,
				4388754823902C8400C96614 /* BaseTabBarController.swift */,
			);
			path = Config;
			sourceTree = "<group>";
		};
		438875352390279100C96614 /* Connection */ = {
			isa = PBXGroup;
			children = (
				4A1D1A412397FAA0001BA774 /* DBmapper */,
				4388753A239027D800C96614 /* extension */,
				43887536239027B800C96614 /* ConnectionViewController.swift */,
				43887537239027B800C96614 /* ConnectionViewController.xib */,
				4A4045F42394AD930036D81B /* ConnectDynamoViewController.swift */,
				4A4045F52394AD930036D81B /* ConnectDynamoViewController.xib */,
				4A1D1A4623980529001BA774 /* CreateUserViewController.swift */,
				4A1D1A4723980529001BA774 /* CreateUserViewController.xib */,
			);
			path = Connection;
			sourceTree = "<group>";
		};
		4388753A239027D800C96614 /* extension */ = {
			isa = PBXGroup;
			children = (
				4388753B239027F500C96614 /* ConnectionViewController+UITextViewDelegate.swift */,
			);
			path = extension;
			sourceTree = "<group>";
		};
		4A1D1A412397FAA0001BA774 /* DBmapper */ = {
			isa = PBXGroup;
			children = (
				4A4045FA2394E5900036D81B /* Example.swift */,
				4A4045FC239567F70036D81B /* HumidDb.swift */,
				4A1D1A422397FAC2001BA774 /* SoilDb.swift */,
				4A1D1A442397FB09001BA774 /* TemperatureDb.swift */,
			);
			path = DBmapper;
			sourceTree = "<group>";
		};
		A0AB475BA697D840F2EAEDF2 /* Frameworks */ = {
			isa = PBXGroup;
			children = (
				16C13E27D94E906337E2B946 /* Pods_PlantIot.framework */,
			);
			name = Frameworks;
			sourceTree = "<group>";
		};
/* End PBXGroup section */

/* Begin PBXNativeTarget section */
		4340E4392384D7FC00CE41B1 /* PlantIot */ = {
			isa = PBXNativeTarget;
			buildConfigurationList = 4340E44E2384D7FF00CE41B1 /* Build configuration list for PBXNativeTarget "PlantIot" */;
			buildPhases = (
				5D7A00F577EB732FCFB15B78 /* [CP] Check Pods Manifest.lock */,
				4340E4362384D7FC00CE41B1 /* Sources */,
				4340E4372384D7FC00CE41B1 /* Frameworks */,
				4340E4382384D7FC00CE41B1 /* Resources */,
				E7D1CBE328BEC5861DB4F998 /* [CP] Embed Pods Frameworks */,
			);
			buildRules = (
			);
			dependencies = (
			);
			name = PlantIot;
			productName = PlantIot;
			productReference = 4340E43A2384D7FC00CE41B1 /* PlantIot.app */;
			productType = "com.apple.product-type.application";
		};
/* End PBXNativeTarget section */

/* Begin PBXProject section */
		4340E4322384D7FC00CE41B1 /* Project object */ = {
			isa = PBXProject;
			attributes = {
				LastSwiftUpdateCheck = 1120;
				LastUpgradeCheck = 1120;
				ORGANIZATIONNAME = YoobinJo;
				TargetAttributes = {
					4340E4392384D7FC00CE41B1 = {
						CreatedOnToolsVersion = 11.2.1;
					};
				};
			};
			buildConfigurationList = 4340E4352384D7FC00CE41B1 /* Build configuration list for PBXProject "PlantIot" */;
			compatibilityVersion = "Xcode 9.3";
			developmentRegion = en;
			hasScannedForEncodings = 0;
			knownRegions = (
				en,
				Base,
			);
			mainGroup = 4340E4312384D7FC00CE41B1;
			productRefGroup = 4340E43B2384D7FC00CE41B1 /* Products */;
			projectDirPath = "";
			projectRoot = "";
			targets = (
				4340E4392384D7FC00CE41B1 /* PlantIot */,
			);
		};
/* End PBXProject section */

/* Begin PBXResourcesBuildPhase section */
		4340E4382384D7FC00CE41B1 /* Resources */ = {
			isa = PBXResourcesBuildPhase;
			buildActionMask = 2147483647;
			files = (
				4388752A238FFCAE00C96614 /* awsconfiguration.json in Resources */,
				4A1D1A4923980529001BA774 /* CreateUserViewController.xib in Resources */,
				4340E44A2384D7FF00CE41B1 /* LaunchScreen.storyboard in Resources */,
				4340E4472384D7FF00CE41B1 /* Assets.xcassets in Resources */,
				4A4045F72394AD930036D81B /* ConnectDynamoViewController.xib in Resources */,
				43887539239027B800C96614 /* ConnectionViewController.xib in Resources */,
			);
			runOnlyForDeploymentPostprocessing = 0;
		};
/* End PBXResourcesBuildPhase section */

/* Begin PBXShellScriptBuildPhase section */
		5D7A00F577EB732FCFB15B78 /* [CP] Check Pods Manifest.lock */ = {
			isa = PBXShellScriptBuildPhase;
			buildActionMask = 2147483647;
			files = (
			);
			inputFileListPaths = (
			);
			inputPaths = (
				"${PODS_PODFILE_DIR_PATH}/Podfile.lock",
				"${PODS_ROOT}/Manifest.lock",
			);
			name = "[CP] Check Pods Manifest.lock";
			outputFileListPaths = (
			);
			outputPaths = (
				"$(DERIVED_FILE_DIR)/Pods-PlantIot-checkManifestLockResult.txt",
			);
			runOnlyForDeploymentPostprocessing = 0;
			shellPath = /bin/sh;
			shellScript = "diff \"${PODS_PODFILE_DIR_PATH}/Podfile.lock\" \"${PODS_ROOT}/Manifest.lock\" > /dev/null\nif [ $? != 0 ] ; then\n    # print error to STDERR\n    echo \"error: The sandbox is not in sync with the Podfile.lock. Run 'pod install' or update your CocoaPods installation.\" >&2\n    exit 1\nfi\n# This output is used by Xcode 'outputs' to avoid re-running this script phase.\necho \"SUCCESS\" > \"${SCRIPT_OUTPUT_FILE_0}\"\n";
			showEnvVarsInLog = 0;
		};
		E7D1CBE328BEC5861DB4F998 /* [CP] Embed Pods Frameworks */ = {
			isa = PBXShellScriptBuildPhase;
			buildActionMask = 2147483647;
			files = (
			);
			inputFileListPaths = (
				"${PODS_ROOT}/Target Support Files/Pods-PlantIot/Pods-PlantIot-frameworks-${CONFIGURATION}-input-files.xcfilelist",
			);
			name = "[CP] Embed Pods Frameworks";
			outputFileListPaths = (
				"${PODS_ROOT}/Target Support Files/Pods-PlantIot/Pods-PlantIot-frameworks-${CONFIGURATION}-output-files.xcfilelist",
			);
			runOnlyForDeploymentPostprocessing = 0;
			shellPath = /bin/sh;
			shellScript = "\"${PODS_ROOT}/Target Support Files/Pods-PlantIot/Pods-PlantIot-frameworks.sh\"\n";
			showEnvVarsInLog = 0;
		};
/* End PBXShellScriptBuildPhase section */

/* Begin PBXSourcesBuildPhase section */
		4340E4362384D7FC00CE41B1 /* Sources */ = {
			isa = PBXSourcesBuildPhase;
			buildActionMask = 2147483647;
			files = (
				4340E43E2384D7FC00CE41B1 /* AppDelegate.swift in Sources */,
				4A4045FD239567F70036D81B /* HumidDb.swift in Sources */,
				4388753C239027F500C96614 /* ConnectionViewController+UITextViewDelegate.swift in Sources */,
				4388754923902C8400C96614 /* BaseTabBarController.swift in Sources */,
				4340E4402384D7FC00CE41B1 /* SceneDelegate.swift in Sources */,
				4A4045FB2394E5910036D81B /* Example.swift in Sources */,
				4A1D1A4823980529001BA774 /* CreateUserViewController.swift in Sources */,
				4A1D1A452397FB09001BA774 /* TemperatureDb.swift in Sources */,
				43887538239027B800C96614 /* ConnectionViewController.swift in Sources */,
				438875342390274700C96614 /* CustomTabBarController.swift in Sources */,
				43887532239001A100C96614 /* Constants.swift in Sources */,
				4A4045F62394AD930036D81B /* ConnectDynamoViewController.swift in Sources */,
				4A1D1A432397FAC2001BA774 /* SoilDb.swift in Sources */,
			);
			runOnlyForDeploymentPostprocessing = 0;
		};
/* End PBXSourcesBuildPhase section */

/* Begin PBXVariantGroup section */
		4340E4482384D7FF00CE41B1 /* LaunchScreen.storyboard */ = {
			isa = PBXVariantGroup;
			children = (
				4340E4492384D7FF00CE41B1 /* Base */,
			);
			name = LaunchScreen.storyboard;
			sourceTree = "<group>";
		};
/* End PBXVariantGroup section */

/* Begin XCBuildConfiguration section */
		4340E44C2384D7FF00CE41B1 /* Debug */ = {
			isa = XCBuildConfiguration;
			buildSettings = {
				ALWAYS_SEARCH_USER_PATHS = NO;
				CLANG_ANALYZER_NONNULL = YES;
				CLANG_ANALYZER_NUMBER_OBJECT_CONVERSION = YES_AGGRESSIVE;
				CLANG_CXX_LANGUAGE_STANDARD = "gnu++14";
				CLANG_CXX_LIBRARY = "libc++";
				CLANG_ENABLE_MODULES = YES;
				CLANG_ENABLE_OBJC_ARC = YES;
				CLANG_ENABLE_OBJC_WEAK = YES;
				CLANG_WARN_BLOCK_CAPTURE_AUTORELEASING = YES;
				CLANG_WARN_BOOL_CONVERSION = YES;
				CLANG_WARN_COMMA = YES;
				CLANG_WARN_CONSTANT_CONVERSION = YES;
				CLANG_WARN_DEPRECATED_OBJC_IMPLEMENTATIONS = YES;
				CLANG_WARN_DIRECT_OBJC_ISA_USAGE = YES_ERROR;
				CLANG_WARN_DOCUMENTATION_COMMENTS = YES;
				CLANG_WARN_EMPTY_BODY = YES;
				CLANG_WARN_ENUM_CONVERSION = YES;
				CLANG_WARN_INFINITE_RECURSION = YES;
				CLANG_WARN_INT_CONVERSION = YES;
				CLANG_WARN_NON_LITERAL_NULL_CONVERSION = YES;
				CLANG_WARN_OBJC_IMPLICIT_RETAIN_SELF = YES;
				CLANG_WARN_OBJC_LITERAL_CONVERSION = YES;
				CLANG_WARN_OBJC_ROOT_CLASS = YES_ERROR;
				CLANG_WARN_RANGE_LOOP_ANALYSIS = YES;
				CLANG_WARN_STRICT_PROTOTYPES = YES;
				CLANG_WARN_SUSPICIOUS_MOVE = YES;
				CLANG_WARN_UNGUARDED_AVAILABILITY = YES_AGGRESSIVE;
				CLANG_WARN_UNREACHABLE_CODE = YES;
				CLANG_WARN__DUPLICATE_METHOD_MATCH = YES;
				COPY_PHASE_STRIP = NO;
				DEBUG_INFORMATION_FORMAT = dwarf;
				ENABLE_STRICT_OBJC_MSGSEND = YES;
				ENABLE_TESTABILITY = YES;
				GCC_C_LANGUAGE_STANDARD = gnu11;
				GCC_DYNAMIC_NO_PIC = NO;
				GCC_NO_COMMON_BLOCKS = YES;
				GCC_OPTIMIZATION_LEVEL = 0;
				GCC_PREPROCESSOR_DEFINITIONS = (
					"DEBUG=1",
					"$(inherited)",
				);
				GCC_WARN_64_TO_32_BIT_CONVERSION = YES;
				GCC_WARN_ABOUT_RETURN_TYPE = YES_ERROR;
				GCC_WARN_UNDECLARED_SELECTOR = YES;
				GCC_WARN_UNINITIALIZED_AUTOS = YES_AGGRESSIVE;
				GCC_WARN_UNUSED_FUNCTION = YES;
				GCC_WARN_UNUSED_VARIABLE = YES;
				IPHONEOS_DEPLOYMENT_TARGET = 13.2;
				MTL_ENABLE_DEBUG_INFO = INCLUDE_SOURCE;
				MTL_FAST_MATH = YES;
				ONLY_ACTIVE_ARCH = YES;
				SDKROOT = iphoneos;
				SWIFT_ACTIVE_COMPILATION_CONDITIONS = DEBUG;
				SWIFT_OPTIMIZATION_LEVEL = "-Onone";
			};
			name = Debug;
		};
		4340E44D2384D7FF00CE41B1 /* Release */ = {
			isa = XCBuildConfiguration;
			buildSettings = {
				ALWAYS_SEARCH_USER_PATHS = NO;
				CLANG_ANALYZER_NONNULL = YES;
				CLANG_ANALYZER_NUMBER_OBJECT_CONVERSION = YES_AGGRESSIVE;
				CLANG_CXX_LANGUAGE_STANDARD = "gnu++14";
				CLANG_CXX_LIBRARY = "libc++";
				CLANG_ENABLE_MODULES = YES;
				CLANG_ENABLE_OBJC_ARC = YES;
				CLANG_ENABLE_OBJC_WEAK = YES;
				CLANG_WARN_BLOCK_CAPTURE_AUTORELEASING = YES;
				CLANG_WARN_BOOL_CONVERSION = YES;
				CLANG_WARN_COMMA = YES;
				CLANG_WARN_CONSTANT_CONVERSION = YES;
				CLANG_WARN_DEPRECATED_OBJC_IMPLEMENTATIONS = YES;
				CLANG_WARN_DIRECT_OBJC_ISA_USAGE = YES_ERROR;
				CLANG_WARN_DOCUMENTATION_COMMENTS = YES;
				CLANG_WARN_EMPTY_BODY = YES;
				CLANG_WARN_ENUM_CONVERSION = YES;
				CLANG_WARN_INFINITE_RECURSION = YES;
				CLANG_WARN_INT_CONVERSION = YES;
				CLANG_WARN_NON_LITERAL_NULL_CONVERSION = YES;
				CLANG_WARN_OBJC_IMPLICIT_RETAIN_SELF = YES;
				CLANG_WARN_OBJC_LITERAL_CONVERSION = YES;
				CLANG_WARN_OBJC_ROOT_CLASS = YES_ERROR;
				CLANG_WARN_RANGE_LOOP_ANALYSIS = YES;
				CLANG_WARN_STRICT_PROTOTYPES = YES;
				CLANG_WARN_SUSPICIOUS_MOVE = YES;
				CLANG_WARN_UNGUARDED_AVAILABILITY = YES_AGGRESSIVE;
				CLANG_WARN_UNREACHABLE_CODE = YES;
				CLANG_WARN__DUPLICATE_METHOD_MATCH = YES;
				COPY_PHASE_STRIP = NO;
				DEBUG_INFORMATION_FORMAT = "dwarf-with-dsym";
				ENABLE_NS_ASSERTIONS = NO;
				ENABLE_STRICT_OBJC_MSGSEND = YES;
				GCC_C_LANGUAGE_STANDARD = gnu11;
				GCC_NO_COMMON_BLOCKS = YES;
				GCC_WARN_64_TO_32_BIT_CONVERSION = YES;
				GCC_WARN_ABOUT_RETURN_TYPE = YES_ERROR;
				GCC_WARN_UNDECLARED_SELECTOR = YES;
				GCC_WARN_UNINITIALIZED_AUTOS = YES_AGGRESSIVE;
				GCC_WARN_UNUSED_FUNCTION = YES;
				GCC_WARN_UNUSED_VARIABLE = YES;
				IPHONEOS_DEPLOYMENT_TARGET = 13.2;
				MTL_ENABLE_DEBUG_INFO = NO;
				MTL_FAST_MATH = YES;
				SDKROOT = iphoneos;
				SWIFT_COMPILATION_MODE = wholemodule;
				SWIFT_OPTIMIZATION_LEVEL = "-O";
				VALIDATE_PRODUCT = YES;
			};
			name = Release;
		};
		4340E44F2384D7FF00CE41B1 /* Debug */ = {
			isa = XCBuildConfiguration;
			baseConfigurationReference = 94CF3BED0379354907F8A09D /* Pods-PlantIot.debug.xcconfig */;
			buildSettings = {
				ASSETCATALOG_COMPILER_APPICON_NAME = AppIcon;
				CODE_SIGN_STYLE = Automatic;
				DEVELOPMENT_TEAM = 6M94RM5DH9;
				INFOPLIST_FILE = PlantIot/Info.plist;
				IPHONEOS_DEPLOYMENT_TARGET = 13.1;
				LD_RUNPATH_SEARCH_PATHS = (
					"$(inherited)",
					"@executable_path/Frameworks",
				);
				PRODUCT_BUNDLE_IDENTIFIER = com.software.PlantIot;
				PRODUCT_NAME = "$(TARGET_NAME)";
				SWIFT_VERSION = 5.0;
				TARGETED_DEVICE_FAMILY = 1;
			};
			name = Debug;
		};
		4340E4502384D7FF00CE41B1 /* Release */ = {
			isa = XCBuildConfiguration;
			baseConfigurationReference = 8B3CA416075516F79DC9F6C6 /* Pods-PlantIot.release.xcconfig */;
			buildSettings = {
				ASSETCATALOG_COMPILER_APPICON_NAME = AppIcon;
				CODE_SIGN_STYLE = Automatic;
				DEVELOPMENT_TEAM = 6M94RM5DH9;
				INFOPLIST_FILE = PlantIot/Info.plist;
				IPHONEOS_DEPLOYMENT_TARGET = 13.1;
				LD_RUNPATH_SEARCH_PATHS = (
					"$(inherited)",
					"@executable_path/Frameworks",
				);
				PRODUCT_BUNDLE_IDENTIFIER = com.software.PlantIot;
				PRODUCT_NAME = "$(TARGET_NAME)";
				SWIFT_VERSION = 5.0;
				TARGETED_DEVICE_FAMILY = 1;
			};
			name = Release;
		};
/* End XCBuildConfiguration section */

/* Begin XCConfigurationList section */
		4340E4352384D7FC00CE41B1 /* Build configuration list for PBXProject "PlantIot" */ = {
			isa = XCConfigurationList;
			buildConfigurations = (
				4340E44C2384D7FF00CE41B1 /* Debug */,
				4340E44D2384D7FF00CE41B1 /* Release */,
			);
			defaultConfigurationIsVisible = 0;
			defaultConfigurationName = Release;
		};
		4340E44E2384D7FF00CE41B1 /* Build configuration list for PBXNativeTarget "PlantIot" */ = {
			isa = XCConfigurationList;
			buildConfigurations = (
				4340E44F2384D7FF00CE41B1 /* Debug */,
				4340E4502384D7FF00CE41B1 /* Release */,
			);
			defaultConfigurationIsVisible = 0;
			defaultConfigurationName = Release;
		};
/* End XCConfigurationList section */
	};
	rootObject = 4340E4322384D7FC00CE41B1 /* Project object */;
}
